
Microsoft Visual Studio Solution File, Format Version 11.00
# Visual Studio 2010
Project("{2150E333-8FDC-42A3-9474-1A3956D46DE8}") = "Solution Items", "Solution Items", "{17178470-4854-4D59-823B-844E3CD5FB5F}"
EndProject
Project("{8BC9CEB8-8B4A-11D0-8D11-00A0C91BC942}") = "LBCB_ConversionTest", "LBCB_ConversionTest\LBCB_ConversionTest.vcxproj", "{79FA864B-46E0-41ED-A706-1092465CC627}"
EndProject
Project("{8BC9CEB8-8B4A-11D0-8D11-00A0C91BC942}") = "LBCB_Conversions", "..\LBCB_Conversions\LBCB_Conversion_A2C.vcxproj", "{17AB0628-9FD4-4AE4-9230-53F7494D98AB}"
EndProject
Global
	GlobalSection(SolutionConfigurationPlatforms) = preSolution
		Debug|Win32 = Debug|Win32
		Release|Win32 = Release|Win32
	EndGlobalSection
	GlobalSection(ProjectConfigurationPlatforms) = postSolution
		{79FA864B-46E0-41ED-A706-1092465CC627}.Debug|Win32.ActiveCfg = Debug|Win32
		{79FA864B-46E0-41ED-A706-1092465CC627}.Debug|Win32.Build.0 = Debug|Win32
		{79FA864B-46E0-41ED-A706-1092465CC627}.Release|Win32.ActiveCfg = Release|Win32
		{79FA864B-46E0-41ED-A706-1092465CC627}.Release|Win32.Build.0 = Release|Win32
		{17AB0628-9FD4-4AE4-9230-53F7494D98AB}.Debug|Win32.ActiveCfg = Debug|Win32
		{17AB0628-9FD4-4AE4-9230-53F7494D98AB}.Debug|Win32.Build.0 = Debug|Win32
		{17AB0628-9FD4-4AE4-9230-53F7494D98AB}.Release|Win32.ActiveCfg = Release|Win32
		{17AB0628-9FD4-4AE4-9230-53F7494D98AB}.Release|Win32.Build.0 = Release|Win32
	EndGlobalSection
	GlobalSection(SolutionProperties) = preSolution
		HideSolutionNode = FALSE
	EndGlobalSection
EndGlobal
