
Microsoft Visual Studio Solution File, Format Version 10.00
# Visual Studio 2008
Project("{8BC9CEB8-8B4A-11D0-8D11-00A0C91BC942}") = "LBCB_Conversion_A2C", "LBCB_Conversion_A2C.vcproj", "{17AB0628-9FD4-4AE4-9230-53F7494D98AB}"
EndProject
Global
	GlobalSection(SolutionConfigurationPlatforms) = preSolution
		Debug|Win32 = Debug|Win32
		Release|Win32 = Release|Win32
	EndGlobalSection
	GlobalSection(ProjectConfigurationPlatforms) = postSolution
		{17AB0628-9FD4-4AE4-9230-53F7494D98AB}.Debug|Win32.ActiveCfg = Debug|Win32
		{17AB0628-9FD4-4AE4-9230-53F7494D98AB}.Debug|Win32.Build.0 = Debug|Win32
		{17AB0628-9FD4-4AE4-9230-53F7494D98AB}.Release|Win32.ActiveCfg = Release|Win32
		{17AB0628-9FD4-4AE4-9230-53F7494D98AB}.Release|Win32.Build.0 = Release|Win32
	EndGlobalSection
	GlobalSection(SolutionProperties) = preSolution
		HideSolutionNode = FALSE
	EndGlobalSection
EndGlobal
